
Microsoft Visual Studio Solution File, Format Version 12.00
# Visual Studio Express 2012 for Windows Desktop
Project("{FAE04EC0-301F-11D3-BF4B-00C04F79EFBC}") = "Event_Driven", "Event_Driven\Event_Driven.csproj", "{A09DE189-433E-476D-81FA-032F8DFE115D}"
EndProject
Global
	GlobalSection(SolutionConfigurationPlatforms) = preSolution
		Debug|Any CPU = Debug|Any CPU
		Release|Any CPU = Release|Any CPU
	EndGlobalSection
	GlobalSection(ProjectConfigurationPlatforms) = postSolution
		{A09DE189-433E-476D-81FA-032F8DFE115D}.Debug|Any CPU.ActiveCfg = Debug|Any CPU
		{A09DE189-433E-476D-81FA-032F8DFE115D}.Debug|Any CPU.Build.0 = Debug|Any CPU
		{A09DE189-433E-476D-81FA-032F8DFE115D}.Release|Any CPU.ActiveCfg = Release|Any CPU
		{A09DE189-433E-476D-81FA-032F8DFE115D}.Release|Any CPU.Build.0 = Release|Any CPU
	EndGlobalSection
	GlobalSection(SolutionProperties) = preSolution
		HideSolutionNode = FALSE
	EndGlobalSection
EndGlobal
